# This file is automatically @generated by Cargo.
# It is not intended for manual editing.
version = 4

[[package]]
name = "tc_aead_cipher"
version = "0.1.0"
source = "registry+https://github.com/rust-lang/crates.io-index"
checksum = "ca1165dc61cb2b773050c5629156d656096e40a0c73f8aa1230029e49f29f5d9"
dependencies = [
 "tc_block_cipher",
 "tc_constant_time",
 "tc_zeroize",
]

[[package]]
name = "tc_aes"
version = "0.1.0"
source = "registry+https://github.com/rust-lang/crates.io-index"
checksum = "5c719c5aa9931f8585f573c59c38901f3b7090de11979a9b48cf587039a5ae4d"
dependencies = [
 "tc_block_cipher",
 "tc_runtime",
 "tc_zeroize",
]

[[package]]
name = "tc_block_cipher"
version = "0.1.0"
source = "registry+https://github.com/rust-lang/crates.io-index"
checksum = "b5c9a05f0da6a7be4ec50bc95a48c4b6e7abc6fbcae2f43c5009c96f5d32328d"
dependencies = [
 "tc_zeroize",
]

[[package]]
name = "tc_block_modes"
version = "0.1.0"
source = "registry+https://github.com/rust-lang/crates.io-index"
checksum = "54991856e04d5c47fa180d0a86d70137cc52ae9959556cdec10911c2397a246c"
dependencies = [
 "tc_block_cipher",
 "tc_zeroize",
]

[[package]]
name = "tc_block_padding"
version = "0.1.0"
source = "registry+https://github.com/rust-lang/crates.io-index"
checksum = "fd48e2241de64995ba803397f5557cc52b82e40e5e25d1ae16422d8713627db7"

[[package]]
name = "tc_constant_time"
version = "0.1.0"
source = "registry+https://github.com/rust-lang/crates.io-index"
checksum = "0bcfe3e4732defe64408b706121575a0fdbd7011a3647566cd0a353daf64c165"

[[package]]
name = "tc_des"
version = "0.1.0"
source = "registry+https://github.com/rust-lang/crates.io-index"
checksum = "9827877f40ce15e0d1c28c64f8fdfebc1d022a6eea6e1e8787c253503132c86a"
dependencies = [
 "tc_block_cipher",
 "tc_zeroize",
]

[[package]]
name = "tc_digest"
version = "0.1.0"
source = "registry+https://github.com/rust-lang/crates.io-index"
checksum = "1c37ed9f10c96ccd2c46a9a2b872070772c6385621665f4ba076b6d779e6be6f"

[[package]]
name = "tc_macs"
version = "0.1.0"
dependencies = [
 "tc_aead_cipher",
 "tc_aes",
 "tc_block_cipher",
 "tc_block_modes",
 "tc_block_padding",
 "tc_des",
 "tc_digest",
 "tc_sha",
 "tc_zeroize",
]

[[package]]
name = "tc_poly1305"
version = "0.1.0"
dependencies = [
 "tc_macs",
 "tc_zeroize",
]

[[package]]
name = "tc_runtime"
version = "0.1.0"
source = "registry+https://github.com/rust-lang/crates.io-index"
checksum = "5d9f70ee51cf053b9ba11bb992cb141769d0968ac50e4f92f00e2546ca4faae3"

[[package]]
name = "tc_sha"
version = "0.1.1"
source = "registry+https://github.com/rust-lang/crates.io-index"
checksum = "2210d651adb5c6d7e72c787dfba177646f72954475eaf8b665a42c1ae06708cb"
dependencies = [
 "tc_digest",
 "tc_zeroize",
]

[[package]]
name = "tc_zeroize"
version = "0.1.0"
source = "registry+https://github.com/rust-lang/crates.io-index"
checksum = "9f496e361f9d75bd7cd0408dc585e9f334182314595ce27ea4852ab9c3858af1"
